
Microsoft Visual Studio Solution File, Format Version 12.00
# Visual Studio 15
VisualStudioVersion = 15.0.28307.1585
MinimumVisualStudioVersion = 10.0.40219.1
Project("{8BC9CEB8-8B4A-11D0-8D11-00A0C91BC942}") = "Sort", "..\Sort\Sort\Sort\Sort.vcxproj", "{0305CFB8-D7AB-4500-B926-91D997B731CF}"
EndProject
Project("{8BC9CEB8-8B4A-11D0-8D11-00A0C91BC942}") = "BM47", "BM47\BM47.vcxproj", "{76A51901-0518-45BA-B500-97D27C79D6EE}"
EndProject
Project("{8BC9CEB8-8B4A-11D0-8D11-00A0C91BC942}") = "BM48", "BM48\BM48.vcxproj", "{0633A999-70F6-4F6F-8725-2DE22BAAADD7}"
EndProject
Project("{8BC9CEB8-8B4A-11D0-8D11-00A0C91BC942}") = "BM50", "BM50\BM50.vcxproj", "{AEB102F1-7CA6-424E-B785-31BFF713ADD0}"
EndProject
Project("{8BC9CEB8-8B4A-11D0-8D11-00A0C91BC942}") = "BM51", "BM51\BM51.vcxproj", "{E664DCD7-C60D-4CBB-992C-B69CEA5229FE}"
EndProject
Project("{8BC9CEB8-8B4A-11D0-8D11-00A0C91BC942}") = "BM52", "BM52\BM52.vcxproj", "{D1FAA4B8-545E-4C40-ADD5-86B3BDCD9E62}"
EndProject
Project("{8BC9CEB8-8B4A-11D0-8D11-00A0C91BC942}") = "BM53", "BM53\BM53.vcxproj", "{B0F25D96-5078-4C65-886F-11ECC0FBF2E4}"
EndProject
Project("{8BC9CEB8-8B4A-11D0-8D11-00A0C91BC942}") = "BM1", "BM1\BM1.vcxproj", "{59595EC1-8F7F-463C-812B-5CD96BEA6E4E}"
EndProject
Project("{8BC9CEB8-8B4A-11D0-8D11-00A0C91BC942}") = "BM4", "BM4\BM4.vcxproj", "{50442089-7079-480C-94A7-2C60263DC1C9}"
EndProject
Project("{8BC9CEB8-8B4A-11D0-8D11-00A0C91BC942}") = "BM6", "BM6\BM6.vcxproj", "{A03CEEDD-75F2-48DB-9CA9-B62CCF912191}"
EndProject
Project("{8BC9CEB8-8B4A-11D0-8D11-00A0C91BC942}") = "BM8", "BM8\BM8.vcxproj", "{1FBD17A2-3791-4666-9C04-C08023521687}"
EndProject
Project("{8BC9CEB8-8B4A-11D0-8D11-00A0C91BC942}") = "BM10", "BM10\BM10.vcxproj", "{3F77E298-92A5-435C-87B0-9301EFDACD77}"
EndProject
Project("{8BC9CEB8-8B4A-11D0-8D11-00A0C91BC942}") = "BM15", "BM15\BM15.vcxproj", "{9CA6A130-A8E2-4B4E-907D-0DAFC0479C28}"
EndProject
Project("{8BC9CEB8-8B4A-11D0-8D11-00A0C91BC942}") = "BM13", "BM13\BM13.vcxproj", "{C2F04F6E-29B6-4054-B1C8-1630C08A14C3}"
EndProject
Project("{8BC9CEB8-8B4A-11D0-8D11-00A0C91BC942}") = "BM17", "BM17\BM17.vcxproj", "{92187013-418C-49B1-B317-0CAAE03E6FF2}"
EndProject
Project("{8BC9CEB8-8B4A-11D0-8D11-00A0C91BC942}") = "BM21", "BM21\BM21.vcxproj", "{C4F503A8-42C4-45F6-A315-2C6605484ADF}"
EndProject
Project("{8BC9CEB8-8B4A-11D0-8D11-00A0C91BC942}") = "BM31", "BM31\BM31.vcxproj", "{BDC2F441-FA18-402B-88DB-3442C28B499C}"
EndProject
Project("{8BC9CEB8-8B4A-11D0-8D11-00A0C91BC942}") = "BM32", "BM32\BM32.vcxproj", "{38FAF25B-B234-442E-8DED-A2FDC09AFF66}"
EndProject
Project("{8BC9CEB8-8B4A-11D0-8D11-00A0C91BC942}") = "BM33", "BM33\BM33.vcxproj", "{A1373A00-753E-4999-97E4-9AFB1E776812}"
EndProject
Global
	GlobalSection(SolutionConfigurationPlatforms) = preSolution
		Debug|x64 = Debug|x64
		Debug|x86 = Debug|x86
		Release|x64 = Release|x64
		Release|x86 = Release|x86
	EndGlobalSection
	GlobalSection(ProjectConfigurationPlatforms) = postSolution
		{0305CFB8-D7AB-4500-B926-91D997B731CF}.Debug|x64.ActiveCfg = Debug|x64
		{0305CFB8-D7AB-4500-B926-91D997B731CF}.Debug|x64.Build.0 = Debug|x64
		{0305CFB8-D7AB-4500-B926-91D997B731CF}.Debug|x86.ActiveCfg = Debug|Win32
		{0305CFB8-D7AB-4500-B926-91D997B731CF}.Debug|x86.Build.0 = Debug|Win32
		{0305CFB8-D7AB-4500-B926-91D997B731CF}.Release|x64.ActiveCfg = Release|x64
		{0305CFB8-D7AB-4500-B926-91D997B731CF}.Release|x64.Build.0 = Release|x64
		{0305CFB8-D7AB-4500-B926-91D997B731CF}.Release|x86.ActiveCfg = Release|Win32
		{0305CFB8-D7AB-4500-B926-91D997B731CF}.Release|x86.Build.0 = Release|Win32
		{76A51901-0518-45BA-B500-97D27C79D6EE}.Debug|x64.ActiveCfg = Debug|x64
		{76A51901-0518-45BA-B500-97D27C79D6EE}.Debug|x64.Build.0 = Debug|x64
		{76A51901-0518-45BA-B500-97D27C79D6EE}.Debug|x86.ActiveCfg = Debug|Win32
		{76A51901-0518-45BA-B500-97D27C79D6EE}.Debug|x86.Build.0 = Debug|Win32
		{76A51901-0518-45BA-B500-97D27C79D6EE}.Release|x64.ActiveCfg = Release|x64
		{76A51901-0518-45BA-B500-97D27C79D6EE}.Release|x64.Build.0 = Release|x64
		{76A51901-0518-45BA-B500-97D27C79D6EE}.Release|x86.ActiveCfg = Release|Win32
		{76A51901-0518-45BA-B500-97D27C79D6EE}.Release|x86.Build.0 = Release|Win32
		{0633A999-70F6-4F6F-8725-2DE22BAAADD7}.Debug|x64.ActiveCfg = Debug|x64
		{0633A999-70F6-4F6F-8725-2DE22BAAADD7}.Debug|x64.Build.0 = Debug|x64
		{0633A999-70F6-4F6F-8725-2DE22BAAADD7}.Debug|x86.ActiveCfg = Debug|Win32
		{0633A999-70F6-4F6F-8725-2DE22BAAADD7}.Debug|x86.Build.0 = Debug|Win32
		{0633A999-70F6-4F6F-8725-2DE22BAAADD7}.Release|x64.ActiveCfg = Release|x64
		{0633A999-70F6-4F6F-8725-2DE22BAAADD7}.Release|x64.Build.0 = Release|x64
		{0633A999-70F6-4F6F-8725-2DE22BAAADD7}.Release|x86.ActiveCfg = Release|Win32
		{0633A999-70F6-4F6F-8725-2DE22BAAADD7}.Release|x86.Build.0 = Release|Win32
		{AEB102F1-7CA6-424E-B785-31BFF713ADD0}.Debug|x64.ActiveCfg = Debug|x64
		{AEB102F1-7CA6-424E-B785-31BFF713ADD0}.Debug|x64.Build.0 = Debug|x64
		{AEB102F1-7CA6-424E-B785-31BFF713ADD0}.Debug|x86.ActiveCfg = Debug|Win32
		{AEB102F1-7CA6-424E-B785-31BFF713ADD0}.Debug|x86.Build.0 = Debug|Win32
		{AEB102F1-7CA6-424E-B785-31BFF713ADD0}.Release|x64.ActiveCfg = Release|x64
		{AEB102F1-7CA6-424E-B785-31BFF713ADD0}.Release|x64.Build.0 = Release|x64
		{AEB102F1-7CA6-424E-B785-31BFF713ADD0}.Release|x86.ActiveCfg = Release|Win32
		{AEB102F1-7CA6-424E-B785-31BFF713ADD0}.Release|x86.Build.0 = Release|Win32
		{E664DCD7-C60D-4CBB-992C-B69CEA5229FE}.Debug|x64.ActiveCfg = Debug|x64
		{E664DCD7-C60D-4CBB-992C-B69CEA5229FE}.Debug|x64.Build.0 = Debug|x64
		{E664DCD7-C60D-4CBB-992C-B69CEA5229FE}.Debug|x86.ActiveCfg = Debug|Win32
		{E664DCD7-C60D-4CBB-992C-B69CEA5229FE}.Debug|x86.Build.0 = Debug|Win32
		{E664DCD7-C60D-4CBB-992C-B69CEA5229FE}.Release|x64.ActiveCfg = Release|x64
		{E664DCD7-C60D-4CBB-992C-B69CEA5229FE}.Release|x64.Build.0 = Release|x64
		{E664DCD7-C60D-4CBB-992C-B69CEA5229FE}.Release|x86.ActiveCfg = Release|Win32
		{E664DCD7-C60D-4CBB-992C-B69CEA5229FE}.Release|x86.Build.0 = Release|Win32
		{D1FAA4B8-545E-4C40-ADD5-86B3BDCD9E62}.Debug|x64.ActiveCfg = Debug|x64
		{D1FAA4B8-545E-4C40-ADD5-86B3BDCD9E62}.Debug|x64.Build.0 = Debug|x64
		{D1FAA4B8-545E-4C40-ADD5-86B3BDCD9E62}.Debug|x86.ActiveCfg = Debug|Win32
		{D1FAA4B8-545E-4C40-ADD5-86B3BDCD9E62}.Debug|x86.Build.0 = Debug|Win32
		{D1FAA4B8-545E-4C40-ADD5-86B3BDCD9E62}.Release|x64.ActiveCfg = Release|x64
		{D1FAA4B8-545E-4C40-ADD5-86B3BDCD9E62}.Release|x64.Build.0 = Release|x64
		{D1FAA4B8-545E-4C40-ADD5-86B3BDCD9E62}.Release|x86.ActiveCfg = Release|Win32
		{D1FAA4B8-545E-4C40-ADD5-86B3BDCD9E62}.Release|x86.Build.0 = Release|Win32
		{B0F25D96-5078-4C65-886F-11ECC0FBF2E4}.Debug|x64.ActiveCfg = Debug|x64
		{B0F25D96-5078-4C65-886F-11ECC0FBF2E4}.Debug|x64.Build.0 = Debug|x64
		{B0F25D96-5078-4C65-886F-11ECC0FBF2E4}.Debug|x86.ActiveCfg = Debug|Win32
		{B0F25D96-5078-4C65-886F-11ECC0FBF2E4}.Debug|x86.Build.0 = Debug|Win32
		{B0F25D96-5078-4C65-886F-11ECC0FBF2E4}.Release|x64.ActiveCfg = Release|x64
		{B0F25D96-5078-4C65-886F-11ECC0FBF2E4}.Release|x64.Build.0 = Release|x64
		{B0F25D96-5078-4C65-886F-11ECC0FBF2E4}.Release|x86.ActiveCfg = Release|Win32
		{B0F25D96-5078-4C65-886F-11ECC0FBF2E4}.Release|x86.Build.0 = Release|Win32
		{59595EC1-8F7F-463C-812B-5CD96BEA6E4E}.Debug|x64.ActiveCfg = Debug|x64
		{59595EC1-8F7F-463C-812B-5CD96BEA6E4E}.Debug|x64.Build.0 = Debug|x64
		{59595EC1-8F7F-463C-812B-5CD96BEA6E4E}.Debug|x86.ActiveCfg = Debug|Win32
		{59595EC1-8F7F-463C-812B-5CD96BEA6E4E}.Debug|x86.Build.0 = Debug|Win32
		{59595EC1-8F7F-463C-812B-5CD96BEA6E4E}.Release|x64.ActiveCfg = Release|x64
		{59595EC1-8F7F-463C-812B-5CD96BEA6E4E}.Release|x64.Build.0 = Release|x64
		{59595EC1-8F7F-463C-812B-5CD96BEA6E4E}.Release|x86.ActiveCfg = Release|Win32
		{59595EC1-8F7F-463C-812B-5CD96BEA6E4E}.Release|x86.Build.0 = Release|Win32
		{50442089-7079-480C-94A7-2C60263DC1C9}.Debug|x64.ActiveCfg = Debug|x64
		{50442089-7079-480C-94A7-2C60263DC1C9}.Debug|x64.Build.0 = Debug|x64
		{50442089-7079-480C-94A7-2C60263DC1C9}.Debug|x86.ActiveCfg = Debug|Win32
		{50442089-7079-480C-94A7-2C60263DC1C9}.Debug|x86.Build.0 = Debug|Win32
		{50442089-7079-480C-94A7-2C60263DC1C9}.Release|x64.ActiveCfg = Release|x64
		{50442089-7079-480C-94A7-2C60263DC1C9}.Release|x64.Build.0 = Release|x64
		{50442089-7079-480C-94A7-2C60263DC1C9}.Release|x86.ActiveCfg = Release|Win32
		{50442089-7079-480C-94A7-2C60263DC1C9}.Release|x86.Build.0 = Release|Win32
		{A03CEEDD-75F2-48DB-9CA9-B62CCF912191}.Debug|x64.ActiveCfg = Debug|x64
		{A03CEEDD-75F2-48DB-9CA9-B62CCF912191}.Debug|x64.Build.0 = Debug|x64
		{A03CEEDD-75F2-48DB-9CA9-B62CCF912191}.Debug|x86.ActiveCfg = Debug|Win32
		{A03CEEDD-75F2-48DB-9CA9-B62CCF912191}.Debug|x86.Build.0 = Debug|Win32
		{A03CEEDD-75F2-48DB-9CA9-B62CCF912191}.Release|x64.ActiveCfg = Release|x64
		{A03CEEDD-75F2-48DB-9CA9-B62CCF912191}.Release|x64.Build.0 = Release|x64
		{A03CEEDD-75F2-48DB-9CA9-B62CCF912191}.Release|x86.ActiveCfg = Release|Win32
		{A03CEEDD-75F2-48DB-9CA9-B62CCF912191}.Release|x86.Build.0 = Release|Win32
		{1FBD17A2-3791-4666-9C04-C08023521687}.Debug|x64.ActiveCfg = Debug|x64
		{1FBD17A2-3791-4666-9C04-C08023521687}.Debug|x64.Build.0 = Debug|x64
		{1FBD17A2-3791-4666-9C04-C08023521687}.Debug|x86.ActiveCfg = Debug|Win32
		{1FBD17A2-3791-4666-9C04-C08023521687}.Debug|x86.Build.0 = Debug|Win32
		{1FBD17A2-3791-4666-9C04-C08023521687}.Release|x64.ActiveCfg = Release|x64
		{1FBD17A2-3791-4666-9C04-C08023521687}.Release|x64.Build.0 = Release|x64
		{1FBD17A2-3791-4666-9C04-C08023521687}.Release|x86.ActiveCfg = Release|Win32
		{1FBD17A2-3791-4666-9C04-C08023521687}.Release|x86.Build.0 = Release|Win32
		{3F77E298-92A5-435C-87B0-9301EFDACD77}.Debug|x64.ActiveCfg = Debug|x64
		{3F77E298-92A5-435C-87B0-9301EFDACD77}.Debug|x64.Build.0 = Debug|x64
		{3F77E298-92A5-435C-87B0-9301EFDACD77}.Debug|x86.ActiveCfg = Debug|Win32
		{3F77E298-92A5-435C-87B0-9301EFDACD77}.Debug|x86.Build.0 = Debug|Win32
		{3F77E298-92A5-435C-87B0-9301EFDACD77}.Release|x64.ActiveCfg = Release|x64
		{3F77E298-92A5-435C-87B0-9301EFDACD77}.Release|x64.Build.0 = Release|x64
		{3F77E298-92A5-435C-87B0-9301EFDACD77}.Release|x86.ActiveCfg = Release|Win32
		{3F77E298-92A5-435C-87B0-9301EFDACD77}.Release|x86.Build.0 = Release|Win32
		{9CA6A130-A8E2-4B4E-907D-0DAFC0479C28}.Debug|x64.ActiveCfg = Debug|x64
		{9CA6A130-A8E2-4B4E-907D-0DAFC0479C28}.Debug|x64.Build.0 = Debug|x64
		{9CA6A130-A8E2-4B4E-907D-0DAFC0479C28}.Debug|x86.ActiveCfg = Debug|Win32
		{9CA6A130-A8E2-4B4E-907D-0DAFC0479C28}.Debug|x86.Build.0 = Debug|Win32
		{9CA6A130-A8E2-4B4E-907D-0DAFC0479C28}.Release|x64.ActiveCfg = Release|x64
		{9CA6A130-A8E2-4B4E-907D-0DAFC0479C28}.Release|x64.Build.0 = Release|x64
		{9CA6A130-A8E2-4B4E-907D-0DAFC0479C28}.Release|x86.ActiveCfg = Release|Win32
		{9CA6A130-A8E2-4B4E-907D-0DAFC0479C28}.Release|x86.Build.0 = Release|Win32
		{C2F04F6E-29B6-4054-B1C8-1630C08A14C3}.Debug|x64.ActiveCfg = Debug|x64
		{C2F04F6E-29B6-4054-B1C8-1630C08A14C3}.Debug|x64.Build.0 = Debug|x64
		{C2F04F6E-29B6-4054-B1C8-1630C08A14C3}.Debug|x86.ActiveCfg = Debug|Win32
		{C2F04F6E-29B6-4054-B1C8-1630C08A14C3}.Debug|x86.Build.0 = Debug|Win32
		{C2F04F6E-29B6-4054-B1C8-1630C08A14C3}.Release|x64.ActiveCfg = Release|x64
		{C2F04F6E-29B6-4054-B1C8-1630C08A14C3}.Release|x64.Build.0 = Release|x64
		{C2F04F6E-29B6-4054-B1C8-1630C08A14C3}.Release|x86.ActiveCfg = Release|Win32
		{C2F04F6E-29B6-4054-B1C8-1630C08A14C3}.Release|x86.Build.0 = Release|Win32
		{92187013-418C-49B1-B317-0CAAE03E6FF2}.Debug|x64.ActiveCfg = Debug|x64
		{92187013-418C-49B1-B317-0CAAE03E6FF2}.Debug|x64.Build.0 = Debug|x64
		{92187013-418C-49B1-B317-0CAAE03E6FF2}.Debug|x86.ActiveCfg = Debug|Win32
		{92187013-418C-49B1-B317-0CAAE03E6FF2}.Debug|x86.Build.0 = Debug|Win32
		{92187013-418C-49B1-B317-0CAAE03E6FF2}.Release|x64.ActiveCfg = Release|x64
		{92187013-418C-49B1-B317-0CAAE03E6FF2}.Release|x64.Build.0 = Release|x64
		{92187013-418C-49B1-B317-0CAAE03E6FF2}.Release|x86.ActiveCfg = Release|Win32
		{92187013-418C-49B1-B317-0CAAE03E6FF2}.Release|x86.Build.0 = Release|Win32
		{C4F503A8-42C4-45F6-A315-2C6605484ADF}.Debug|x64.ActiveCfg = Debug|x64
		{C4F503A8-42C4-45F6-A315-2C6605484ADF}.Debug|x64.Build.0 = Debug|x64
		{C4F503A8-42C4-45F6-A315-2C6605484ADF}.Debug|x86.ActiveCfg = Debug|Win32
		{C4F503A8-42C4-45F6-A315-2C6605484ADF}.Debug|x86.Build.0 = Debug|Win32
		{C4F503A8-42C4-45F6-A315-2C6605484ADF}.Release|x64.ActiveCfg = Release|x64
		{C4F503A8-42C4-45F6-A315-2C6605484ADF}.Release|x64.Build.0 = Release|x64
		{C4F503A8-42C4-45F6-A315-2C6605484ADF}.Release|x86.ActiveCfg = Release|Win32
		{C4F503A8-42C4-45F6-A315-2C6605484ADF}.Release|x86.Build.0 = Release|Win32
		{BDC2F441-FA18-402B-88DB-3442C28B499C}.Debug|x64.ActiveCfg = Debug|x64
		{BDC2F441-FA18-402B-88DB-3442C28B499C}.Debug|x64.Build.0 = Debug|x64
		{BDC2F441-FA18-402B-88DB-3442C28B499C}.Debug|x86.ActiveCfg = Debug|Win32
		{BDC2F441-FA18-402B-88DB-3442C28B499C}.Debug|x86.Build.0 = Debug|Win32
		{BDC2F441-FA18-402B-88DB-3442C28B499C}.Release|x64.ActiveCfg = Release|x64
		{BDC2F441-FA18-402B-88DB-3442C28B499C}.Release|x64.Build.0 = Release|x64
		{BDC2F441-FA18-402B-88DB-3442C28B499C}.Release|x86.ActiveCfg = Release|Win32
		{BDC2F441-FA18-402B-88DB-3442C28B499C}.Release|x86.Build.0 = Release|Win32
		{38FAF25B-B234-442E-8DED-A2FDC09AFF66}.Debug|x64.ActiveCfg = Debug|x64
		{38FAF25B-B234-442E-8DED-A2FDC09AFF66}.Debug|x64.Build.0 = Debug|x64
		{38FAF25B-B234-442E-8DED-A2FDC09AFF66}.Debug|x86.ActiveCfg = Debug|Win32
		{38FAF25B-B234-442E-8DED-A2FDC09AFF66}.Debug|x86.Build.0 = Debug|Win32
		{38FAF25B-B234-442E-8DED-A2FDC09AFF66}.Release|x64.ActiveCfg = Release|x64
		{38FAF25B-B234-442E-8DED-A2FDC09AFF66}.Release|x64.Build.0 = Release|x64
		{38FAF25B-B234-442E-8DED-A2FDC09AFF66}.Release|x86.ActiveCfg = Release|Win32
		{38FAF25B-B234-442E-8DED-A2FDC09AFF66}.Release|x86.Build.0 = Release|Win32
		{A1373A00-753E-4999-97E4-9AFB1E776812}.Debug|x64.ActiveCfg = Debug|x64
		{A1373A00-753E-4999-97E4-9AFB1E776812}.Debug|x64.Build.0 = Debug|x64
		{A1373A00-753E-4999-97E4-9AFB1E776812}.Debug|x86.ActiveCfg = Debug|Win32
		{A1373A00-753E-4999-97E4-9AFB1E776812}.Debug|x86.Build.0 = Debug|Win32
		{A1373A00-753E-4999-97E4-9AFB1E776812}.Release|x64.ActiveCfg = Release|x64
		{A1373A00-753E-4999-97E4-9AFB1E776812}.Release|x64.Build.0 = Release|x64
		{A1373A00-753E-4999-97E4-9AFB1E776812}.Release|x86.ActiveCfg = Release|Win32
		{A1373A00-753E-4999-97E4-9AFB1E776812}.Release|x86.Build.0 = Release|Win32
	EndGlobalSection
	GlobalSection(SolutionProperties) = preSolution
		HideSolutionNode = FALSE
	EndGlobalSection
	GlobalSection(ExtensibilityGlobals) = postSolution
		SolutionGuid = {1A02E669-668F-483A-ABA0-354F45B8270D}
	EndGlobalSection
EndGlobal
