
Microsoft Visual Studio Solution File, Format Version 12.00
# Visual Studio 15
VisualStudioVersion = 15.0.28307.1585
MinimumVisualStudioVersion = 10.0.40219.1
Project("{8BC9CEB8-8B4A-11D0-8D11-00A0C91BC942}") = "BM83", "BM83\BM83.vcxproj", "{57E02A45-DCBC-49BE-B10C-ACEFAADCFB3C}"
EndProject
Project("{8BC9CEB8-8B4A-11D0-8D11-00A0C91BC942}") = "BM84", "BM84\BM84.vcxproj", "{94598FD9-D4AA-42A4-A8DF-D8611FF1D99D}"
EndProject
Project("{8BC9CEB8-8B4A-11D0-8D11-00A0C91BC942}") = "BM85", "BM85\BM85.vcxproj", "{DC3BD267-4C6A-4A63-8E91-6C0D11A87E89}"
EndProject
Project("{8BC9CEB8-8B4A-11D0-8D11-00A0C91BC942}") = "BM86", "BM86\BM86.vcxproj", "{4EC7865A-5F1B-4AA2-B691-58956E7E13A6}"
EndProject
Project("{8BC9CEB8-8B4A-11D0-8D11-00A0C91BC942}") = "BM42", "BM42\BM42.vcxproj", "{5A1625D4-D44C-47E4-8B8C-2E8F136C2B8D}"
EndProject
Project("{8BC9CEB8-8B4A-11D0-8D11-00A0C91BC942}") = "BM43", "BM43\BM43.vcxproj", "{07CD3466-B474-4F02-8332-5B62E22F5563}"
EndProject
Global
	GlobalSection(SolutionConfigurationPlatforms) = preSolution
		Debug|x64 = Debug|x64
		Debug|x86 = Debug|x86
		Release|x64 = Release|x64
		Release|x86 = Release|x86
	EndGlobalSection
	GlobalSection(ProjectConfigurationPlatforms) = postSolution
		{57E02A45-DCBC-49BE-B10C-ACEFAADCFB3C}.Debug|x64.ActiveCfg = Debug|x64
		{57E02A45-DCBC-49BE-B10C-ACEFAADCFB3C}.Debug|x64.Build.0 = Debug|x64
		{57E02A45-DCBC-49BE-B10C-ACEFAADCFB3C}.Debug|x86.ActiveCfg = Debug|Win32
		{57E02A45-DCBC-49BE-B10C-ACEFAADCFB3C}.Debug|x86.Build.0 = Debug|Win32
		{57E02A45-DCBC-49BE-B10C-ACEFAADCFB3C}.Release|x64.ActiveCfg = Release|x64
		{57E02A45-DCBC-49BE-B10C-ACEFAADCFB3C}.Release|x64.Build.0 = Release|x64
		{57E02A45-DCBC-49BE-B10C-ACEFAADCFB3C}.Release|x86.ActiveCfg = Release|Win32
		{57E02A45-DCBC-49BE-B10C-ACEFAADCFB3C}.Release|x86.Build.0 = Release|Win32
		{94598FD9-D4AA-42A4-A8DF-D8611FF1D99D}.Debug|x64.ActiveCfg = Debug|x64
		{94598FD9-D4AA-42A4-A8DF-D8611FF1D99D}.Debug|x64.Build.0 = Debug|x64
		{94598FD9-D4AA-42A4-A8DF-D8611FF1D99D}.Debug|x86.ActiveCfg = Debug|Win32
		{94598FD9-D4AA-42A4-A8DF-D8611FF1D99D}.Debug|x86.Build.0 = Debug|Win32
		{94598FD9-D4AA-42A4-A8DF-D8611FF1D99D}.Release|x64.ActiveCfg = Release|x64
		{94598FD9-D4AA-42A4-A8DF-D8611FF1D99D}.Release|x64.Build.0 = Release|x64
		{94598FD9-D4AA-42A4-A8DF-D8611FF1D99D}.Release|x86.ActiveCfg = Release|Win32
		{94598FD9-D4AA-42A4-A8DF-D8611FF1D99D}.Release|x86.Build.0 = Release|Win32
		{DC3BD267-4C6A-4A63-8E91-6C0D11A87E89}.Debug|x64.ActiveCfg = Debug|x64
		{DC3BD267-4C6A-4A63-8E91-6C0D11A87E89}.Debug|x64.Build.0 = Debug|x64
		{DC3BD267-4C6A-4A63-8E91-6C0D11A87E89}.Debug|x86.ActiveCfg = Debug|Win32
		{DC3BD267-4C6A-4A63-8E91-6C0D11A87E89}.Debug|x86.Build.0 = Debug|Win32
		{DC3BD267-4C6A-4A63-8E91-6C0D11A87E89}.Release|x64.ActiveCfg = Release|x64
		{DC3BD267-4C6A-4A63-8E91-6C0D11A87E89}.Release|x64.Build.0 = Release|x64
		{DC3BD267-4C6A-4A63-8E91-6C0D11A87E89}.Release|x86.ActiveCfg = Release|Win32
		{DC3BD267-4C6A-4A63-8E91-6C0D11A87E89}.Release|x86.Build.0 = Release|Win32
		{4EC7865A-5F1B-4AA2-B691-58956E7E13A6}.Debug|x64.ActiveCfg = Debug|x64
		{4EC7865A-5F1B-4AA2-B691-58956E7E13A6}.Debug|x64.Build.0 = Debug|x64
		{4EC7865A-5F1B-4AA2-B691-58956E7E13A6}.Debug|x86.ActiveCfg = Debug|Win32
		{4EC7865A-5F1B-4AA2-B691-58956E7E13A6}.Debug|x86.Build.0 = Debug|Win32
		{4EC7865A-5F1B-4AA2-B691-58956E7E13A6}.Release|x64.ActiveCfg = Release|x64
		{4EC7865A-5F1B-4AA2-B691-58956E7E13A6}.Release|x64.Build.0 = Release|x64
		{4EC7865A-5F1B-4AA2-B691-58956E7E13A6}.Release|x86.ActiveCfg = Release|Win32
		{4EC7865A-5F1B-4AA2-B691-58956E7E13A6}.Release|x86.Build.0 = Release|Win32
		{5A1625D4-D44C-47E4-8B8C-2E8F136C2B8D}.Debug|x64.ActiveCfg = Debug|x64
		{5A1625D4-D44C-47E4-8B8C-2E8F136C2B8D}.Debug|x64.Build.0 = Debug|x64
		{5A1625D4-D44C-47E4-8B8C-2E8F136C2B8D}.Debug|x86.ActiveCfg = Debug|Win32
		{5A1625D4-D44C-47E4-8B8C-2E8F136C2B8D}.Debug|x86.Build.0 = Debug|Win32
		{5A1625D4-D44C-47E4-8B8C-2E8F136C2B8D}.Release|x64.ActiveCfg = Release|x64
		{5A1625D4-D44C-47E4-8B8C-2E8F136C2B8D}.Release|x64.Build.0 = Release|x64
		{5A1625D4-D44C-47E4-8B8C-2E8F136C2B8D}.Release|x86.ActiveCfg = Release|Win32
		{5A1625D4-D44C-47E4-8B8C-2E8F136C2B8D}.Release|x86.Build.0 = Release|Win32
		{07CD3466-B474-4F02-8332-5B62E22F5563}.Debug|x64.ActiveCfg = Debug|x64
		{07CD3466-B474-4F02-8332-5B62E22F5563}.Debug|x64.Build.0 = Debug|x64
		{07CD3466-B474-4F02-8332-5B62E22F5563}.Debug|x86.ActiveCfg = Debug|Win32
		{07CD3466-B474-4F02-8332-5B62E22F5563}.Debug|x86.Build.0 = Debug|Win32
		{07CD3466-B474-4F02-8332-5B62E22F5563}.Release|x64.ActiveCfg = Release|x64
		{07CD3466-B474-4F02-8332-5B62E22F5563}.Release|x64.Build.0 = Release|x64
		{07CD3466-B474-4F02-8332-5B62E22F5563}.Release|x86.ActiveCfg = Release|Win32
		{07CD3466-B474-4F02-8332-5B62E22F5563}.Release|x86.Build.0 = Release|Win32
	EndGlobalSection
	GlobalSection(SolutionProperties) = preSolution
		HideSolutionNode = FALSE
	EndGlobalSection
	GlobalSection(ExtensibilityGlobals) = postSolution
		SolutionGuid = {1A02E669-668F-483A-ABA0-354F45B8270D}
	EndGlobalSection
EndGlobal
