
Microsoft Visual Studio Solution File, Format Version 12.00
# Visual Studio 15
VisualStudioVersion = 15.0.28307.1585
MinimumVisualStudioVersion = 10.0.40219.1
Project("{8BC9CEB8-8B4A-11D0-8D11-00A0C91BC942}") = "Sort", "..\Sort\Sort\Sort\Sort.vcxproj", "{0305CFB8-D7AB-4500-B926-91D997B731CF}"
EndProject
Project("{8BC9CEB8-8B4A-11D0-8D11-00A0C91BC942}") = "BM47", "BM47\BM47.vcxproj", "{76A51901-0518-45BA-B500-97D27C79D6EE}"
EndProject
Project("{8BC9CEB8-8B4A-11D0-8D11-00A0C91BC942}") = "BM48", "BM48\BM48.vcxproj", "{0633A999-70F6-4F6F-8725-2DE22BAAADD7}"
EndProject
Project("{8BC9CEB8-8B4A-11D0-8D11-00A0C91BC942}") = "BM50", "BM50\BM50.vcxproj", "{AEB102F1-7CA6-424E-B785-31BFF713ADD0}"
EndProject
Project("{8BC9CEB8-8B4A-11D0-8D11-00A0C91BC942}") = "BM51", "BM51\BM51.vcxproj", "{E664DCD7-C60D-4CBB-992C-B69CEA5229FE}"
EndProject
Project("{8BC9CEB8-8B4A-11D0-8D11-00A0C91BC942}") = "BM52", "BM52\BM52.vcxproj", "{D1FAA4B8-545E-4C40-ADD5-86B3BDCD9E62}"
EndProject
Project("{8BC9CEB8-8B4A-11D0-8D11-00A0C91BC942}") = "BM53", "BM53\BM53.vcxproj", "{B0F25D96-5078-4C65-886F-11ECC0FBF2E4}"
EndProject
Project("{8BC9CEB8-8B4A-11D0-8D11-00A0C91BC942}") = "BM1", "BM1\BM1.vcxproj", "{59595EC1-8F7F-463C-812B-5CD96BEA6E4E}"
EndProject
Project("{8BC9CEB8-8B4A-11D0-8D11-00A0C91BC942}") = "BM4", "BM4\BM4.vcxproj", "{50442089-7079-480C-94A7-2C60263DC1C9}"
EndProject
Project("{8BC9CEB8-8B4A-11D0-8D11-00A0C91BC942}") = "BM6", "BM6\BM6.vcxproj", "{A03CEEDD-75F2-48DB-9CA9-B62CCF912191}"
EndProject
Project("{8BC9CEB8-8B4A-11D0-8D11-00A0C91BC942}") = "BM8", "BM8\BM8.vcxproj", "{1FBD17A2-3791-4666-9C04-C08023521687}"
EndProject
Project("{8BC9CEB8-8B4A-11D0-8D11-00A0C91BC942}") = "BM10", "BM10\BM10.vcxproj", "{3F77E298-92A5-435C-87B0-9301EFDACD77}"
EndProject
Project("{8BC9CEB8-8B4A-11D0-8D11-00A0C91BC942}") = "BM15", "BM15\BM15.vcxproj", "{9CA6A130-A8E2-4B4E-907D-0DAFC0479C28}"
EndProject
Project("{8BC9CEB8-8B4A-11D0-8D11-00A0C91BC942}") = "BM13", "BM13\BM13.vcxproj", "{C2F04F6E-29B6-4054-B1C8-1630C08A14C3}"
EndProject
Project("{8BC9CEB8-8B4A-11D0-8D11-00A0C91BC942}") = "BM17", "BM17\BM17.vcxproj", "{92187013-418C-49B1-B317-0CAAE03E6FF2}"
EndProject
Project("{8BC9CEB8-8B4A-11D0-8D11-00A0C91BC942}") = "BM21", "BM21\BM21.vcxproj", "{C4F503A8-42C4-45F6-A315-2C6605484ADF}"
EndProject
Project("{8BC9CEB8-8B4A-11D0-8D11-00A0C91BC942}") = "BM31", "BM31\BM31.vcxproj", "{BDC2F441-FA18-402B-88DB-3442C28B499C}"
EndProject
Project("{8BC9CEB8-8B4A-11D0-8D11-00A0C91BC942}") = "BM32", "BM32\BM32.vcxproj", "{38FAF25B-B234-442E-8DED-A2FDC09AFF66}"
EndProject
Project("{8BC9CEB8-8B4A-11D0-8D11-00A0C91BC942}") = "BM33", "BM33\BM33.vcxproj", "{A1373A00-753E-4999-97E4-9AFB1E776812}"
EndProject
Project("{8BC9CEB8-8B4A-11D0-8D11-00A0C91BC942}") = "BM36", "BM36\BM36.vcxproj", "{27C5B295-72F0-40C6-8EE2-AE58F34BB5C0}"
EndProject
Project("{8BC9CEB8-8B4A-11D0-8D11-00A0C91BC942}") = "BM37", "BM37\BM37.vcxproj", "{FB5CFB3B-BF04-4FB4-96EF-34AF8174D720}"
EndProject
Project("{8BC9CEB8-8B4A-11D0-8D11-00A0C91BC942}") = "BM70", "BM70\BM70.vcxproj", "{25980664-5DFF-43E8-9C9C-9AA6CF7CA57A}"
EndProject
Project("{8BC9CEB8-8B4A-11D0-8D11-00A0C91BC942}") = "BM42", "BM42\BM42.vcxproj", "{5A1625D4-D44C-47E4-8B8C-2E8F136C2B8D}"
EndProject
Project("{8BC9CEB8-8B4A-11D0-8D11-00A0C91BC942}") = "BM43", "BM43\BM43.vcxproj", "{07CD3466-B474-4F02-8332-5B62E22F5563}"
EndProject
Project("{8BC9CEB8-8B4A-11D0-8D11-00A0C91BC942}") = "BM44", "BM44\BM44.vcxproj", "{682C4C1D-6312-4A5F-9C1B-DC73DC5DA539}"
EndProject
Project("{8BC9CEB8-8B4A-11D0-8D11-00A0C91BC942}") = "BM45", "BM45\BM45.vcxproj", "{A5A111E4-FF98-4E17-B3C7-9C2710814D73}"
EndProject
Project("{8BC9CEB8-8B4A-11D0-8D11-00A0C91BC942}") = "BM46", "BM46\BM46.vcxproj", "{5C0C7182-BEB7-4C8D-8EB1-D74E876DB172}"
EndProject
Project("{8BC9CEB8-8B4A-11D0-8D11-00A0C91BC942}") = "BM83", "BM83\BM83.vcxproj", "{57E02A45-DCBC-49BE-B10C-ACEFAADCFB3C}"
EndProject
Project("{8BC9CEB8-8B4A-11D0-8D11-00A0C91BC942}") = "BM84", "BM84\BM84.vcxproj", "{94598FD9-D4AA-42A4-A8DF-D8611FF1D99D}"
EndProject
Project("{8BC9CEB8-8B4A-11D0-8D11-00A0C91BC942}") = "BM85", "BM85\BM85.vcxproj", "{DC3BD267-4C6A-4A63-8E91-6C0D11A87E89}"
EndProject
Project("{8BC9CEB8-8B4A-11D0-8D11-00A0C91BC942}") = "BM86", "BM86\BM86.vcxproj", "{4EC7865A-5F1B-4AA2-B691-58956E7E13A6}"
EndProject
Project("{8BC9CEB8-8B4A-11D0-8D11-00A0C91BC942}") = "BM49", "BM49\BM49.vcxproj", "{D73ABB33-043B-4ADC-BFEF-2997011BB3E0}"
EndProject
Project("{8BC9CEB8-8B4A-11D0-8D11-00A0C91BC942}") = "BM54", "BM54\BM54.vcxproj", "{8DD4C0AF-579A-44BE-A036-1E62527D80FA}"
EndProject
Project("{8BC9CEB8-8B4A-11D0-8D11-00A0C91BC942}") = "BM18", "BM18\BM18.vcxproj", "{9FCD7710-1D4F-43D7-8A3B-BFD2CF3169BB}"
EndProject
Project("{8BC9CEB8-8B4A-11D0-8D11-00A0C91BC942}") = "BM22", "BM22\BM22.vcxproj", "{7BB35A3A-6B84-4814-B050-411620728273}"
EndProject
Project("{8BC9CEB8-8B4A-11D0-8D11-00A0C91BC942}") = "BM20", "BM20\BM20.vcxproj", "{6CAFB766-B91D-4561-A4C3-E00BBC0CFA91}"
EndProject
Global
	GlobalSection(SolutionConfigurationPlatforms) = preSolution
		Debug|x64 = Debug|x64
		Debug|x86 = Debug|x86
		Release|x64 = Release|x64
		Release|x86 = Release|x86
	EndGlobalSection
	GlobalSection(ProjectConfigurationPlatforms) = postSolution
		{0305CFB8-D7AB-4500-B926-91D997B731CF}.Debug|x64.ActiveCfg = Debug|x64
		{0305CFB8-D7AB-4500-B926-91D997B731CF}.Debug|x64.Build.0 = Debug|x64
		{0305CFB8-D7AB-4500-B926-91D997B731CF}.Debug|x86.ActiveCfg = Debug|Win32
		{0305CFB8-D7AB-4500-B926-91D997B731CF}.Debug|x86.Build.0 = Debug|Win32
		{0305CFB8-D7AB-4500-B926-91D997B731CF}.Release|x64.ActiveCfg = Release|x64
		{0305CFB8-D7AB-4500-B926-91D997B731CF}.Release|x64.Build.0 = Release|x64
		{0305CFB8-D7AB-4500-B926-91D997B731CF}.Release|x86.ActiveCfg = Release|Win32
		{0305CFB8-D7AB-4500-B926-91D997B731CF}.Release|x86.Build.0 = Release|Win32
		{76A51901-0518-45BA-B500-97D27C79D6EE}.Debug|x64.ActiveCfg = Debug|x64
		{76A51901-0518-45BA-B500-97D27C79D6EE}.Debug|x64.Build.0 = Debug|x64
		{76A51901-0518-45BA-B500-97D27C79D6EE}.Debug|x86.ActiveCfg = Debug|Win32
		{76A51901-0518-45BA-B500-97D27C79D6EE}.Debug|x86.Build.0 = Debug|Win32
		{76A51901-0518-45BA-B500-97D27C79D6EE}.Release|x64.ActiveCfg = Release|x64
		{76A51901-0518-45BA-B500-97D27C79D6EE}.Release|x64.Build.0 = Release|x64
		{76A51901-0518-45BA-B500-97D27C79D6EE}.Release|x86.ActiveCfg = Release|Win32
		{76A51901-0518-45BA-B500-97D27C79D6EE}.Release|x86.Build.0 = Release|Win32
		{0633A999-70F6-4F6F-8725-2DE22BAAADD7}.Debug|x64.ActiveCfg = Debug|x64
		{0633A999-70F6-4F6F-8725-2DE22BAAADD7}.Debug|x64.Build.0 = Debug|x64
		{0633A999-70F6-4F6F-8725-2DE22BAAADD7}.Debug|x86.ActiveCfg = Debug|Win32
		{0633A999-70F6-4F6F-8725-2DE22BAAADD7}.Debug|x86.Build.0 = Debug|Win32
		{0633A999-70F6-4F6F-8725-2DE22BAAADD7}.Release|x64.ActiveCfg = Release|x64
		{0633A999-70F6-4F6F-8725-2DE22BAAADD7}.Release|x64.Build.0 = Release|x64
		{0633A999-70F6-4F6F-8725-2DE22BAAADD7}.Release|x86.ActiveCfg = Release|Win32
		{0633A999-70F6-4F6F-8725-2DE22BAAADD7}.Release|x86.Build.0 = Release|Win32
		{AEB102F1-7CA6-424E-B785-31BFF713ADD0}.Debug|x64.ActiveCfg = Debug|x64
		{AEB102F1-7CA6-424E-B785-31BFF713ADD0}.Debug|x64.Build.0 = Debug|x64
		{AEB102F1-7CA6-424E-B785-31BFF713ADD0}.Debug|x86.ActiveCfg = Debug|Win32
		{AEB102F1-7CA6-424E-B785-31BFF713ADD0}.Debug|x86.Build.0 = Debug|Win32
		{AEB102F1-7CA6-424E-B785-31BFF713ADD0}.Release|x64.ActiveCfg = Release|x64
		{AEB102F1-7CA6-424E-B785-31BFF713ADD0}.Release|x64.Build.0 = Release|x64
		{AEB102F1-7CA6-424E-B785-31BFF713ADD0}.Release|x86.ActiveCfg = Release|Win32
		{AEB102F1-7CA6-424E-B785-31BFF713ADD0}.Release|x86.Build.0 = Release|Win32
		{E664DCD7-C60D-4CBB-992C-B69CEA5229FE}.Debug|x64.ActiveCfg = Debug|x64
		{E664DCD7-C60D-4CBB-992C-B69CEA5229FE}.Debug|x64.Build.0 = Debug|x64
		{E664DCD7-C60D-4CBB-992C-B69CEA5229FE}.Debug|x86.ActiveCfg = Debug|Win32
		{E664DCD7-C60D-4CBB-992C-B69CEA5229FE}.Debug|x86.Build.0 = Debug|Win32
		{E664DCD7-C60D-4CBB-992C-B69CEA5229FE}.Release|x64.ActiveCfg = Release|x64
		{E664DCD7-C60D-4CBB-992C-B69CEA5229FE}.Release|x64.Build.0 = Release|x64
		{E664DCD7-C60D-4CBB-992C-B69CEA5229FE}.Release|x86.ActiveCfg = Release|Win32
		{E664DCD7-C60D-4CBB-992C-B69CEA5229FE}.Release|x86.Build.0 = Release|Win32
		{D1FAA4B8-545E-4C40-ADD5-86B3BDCD9E62}.Debug|x64.ActiveCfg = Debug|x64
		{D1FAA4B8-545E-4C40-ADD5-86B3BDCD9E62}.Debug|x64.Build.0 = Debug|x64
		{D1FAA4B8-545E-4C40-ADD5-86B3BDCD9E62}.Debug|x86.ActiveCfg = Debug|Win32
		{D1FAA4B8-545E-4C40-ADD5-86B3BDCD9E62}.Debug|x86.Build.0 = Debug|Win32
		{D1FAA4B8-545E-4C40-ADD5-86B3BDCD9E62}.Release|x64.ActiveCfg = Release|x64
		{D1FAA4B8-545E-4C40-ADD5-86B3BDCD9E62}.Release|x64.Build.0 = Release|x64
		{D1FAA4B8-545E-4C40-ADD5-86B3BDCD9E62}.Release|x86.ActiveCfg = Release|Win32
		{D1FAA4B8-545E-4C40-ADD5-86B3BDCD9E62}.Release|x86.Build.0 = Release|Win32
		{B0F25D96-5078-4C65-886F-11ECC0FBF2E4}.Debug|x64.ActiveCfg = Debug|x64
		{B0F25D96-5078-4C65-886F-11ECC0FBF2E4}.Debug|x64.Build.0 = Debug|x64
		{B0F25D96-5078-4C65-886F-11ECC0FBF2E4}.Debug|x86.ActiveCfg = Debug|Win32
		{B0F25D96-5078-4C65-886F-11ECC0FBF2E4}.Debug|x86.Build.0 = Debug|Win32
		{B0F25D96-5078-4C65-886F-11ECC0FBF2E4}.Release|x64.ActiveCfg = Release|x64
		{B0F25D96-5078-4C65-886F-11ECC0FBF2E4}.Release|x64.Build.0 = Release|x64
		{B0F25D96-5078-4C65-886F-11ECC0FBF2E4}.Release|x86.ActiveCfg = Release|Win32
		{B0F25D96-5078-4C65-886F-11ECC0FBF2E4}.Release|x86.Build.0 = Release|Win32
		{59595EC1-8F7F-463C-812B-5CD96BEA6E4E}.Debug|x64.ActiveCfg = Debug|x64
		{59595EC1-8F7F-463C-812B-5CD96BEA6E4E}.Debug|x64.Build.0 = Debug|x64
		{59595EC1-8F7F-463C-812B-5CD96BEA6E4E}.Debug|x86.ActiveCfg = Debug|Win32
		{59595EC1-8F7F-463C-812B-5CD96BEA6E4E}.Debug|x86.Build.0 = Debug|Win32
		{59595EC1-8F7F-463C-812B-5CD96BEA6E4E}.Release|x64.ActiveCfg = Release|x64
		{59595EC1-8F7F-463C-812B-5CD96BEA6E4E}.Release|x64.Build.0 = Release|x64
		{59595EC1-8F7F-463C-812B-5CD96BEA6E4E}.Release|x86.ActiveCfg = Release|Win32
		{59595EC1-8F7F-463C-812B-5CD96BEA6E4E}.Release|x86.Build.0 = Release|Win32
		{50442089-7079-480C-94A7-2C60263DC1C9}.Debug|x64.ActiveCfg = Debug|x64
		{50442089-7079-480C-94A7-2C60263DC1C9}.Debug|x64.Build.0 = Debug|x64
		{50442089-7079-480C-94A7-2C60263DC1C9}.Debug|x86.ActiveCfg = Debug|Win32
		{50442089-7079-480C-94A7-2C60263DC1C9}.Debug|x86.Build.0 = Debug|Win32
		{50442089-7079-480C-94A7-2C60263DC1C9}.Release|x64.ActiveCfg = Release|x64
		{50442089-7079-480C-94A7-2C60263DC1C9}.Release|x64.Build.0 = Release|x64
		{50442089-7079-480C-94A7-2C60263DC1C9}.Release|x86.ActiveCfg = Release|Win32
		{50442089-7079-480C-94A7-2C60263DC1C9}.Release|x86.Build.0 = Release|Win32
		{A03CEEDD-75F2-48DB-9CA9-B62CCF912191}.Debug|x64.ActiveCfg = Debug|x64
		{A03CEEDD-75F2-48DB-9CA9-B62CCF912191}.Debug|x64.Build.0 = Debug|x64
		{A03CEEDD-75F2-48DB-9CA9-B62CCF912191}.Debug|x86.ActiveCfg = Debug|Win32
		{A03CEEDD-75F2-48DB-9CA9-B62CCF912191}.Debug|x86.Build.0 = Debug|Win32
		{A03CEEDD-75F2-48DB-9CA9-B62CCF912191}.Release|x64.ActiveCfg = Release|x64
		{A03CEEDD-75F2-48DB-9CA9-B62CCF912191}.Release|x64.Build.0 = Release|x64
		{A03CEEDD-75F2-48DB-9CA9-B62CCF912191}.Release|x86.ActiveCfg = Release|Win32
		{A03CEEDD-75F2-48DB-9CA9-B62CCF912191}.Release|x86.Build.0 = Release|Win32
		{1FBD17A2-3791-4666-9C04-C08023521687}.Debug|x64.ActiveCfg = Debug|x64
		{1FBD17A2-3791-4666-9C04-C08023521687}.Debug|x64.Build.0 = Debug|x64
		{1FBD17A2-3791-4666-9C04-C08023521687}.Debug|x86.ActiveCfg = Debug|Win32
		{1FBD17A2-3791-4666-9C04-C08023521687}.Debug|x86.Build.0 = Debug|Win32
		{1FBD17A2-3791-4666-9C04-C08023521687}.Release|x64.ActiveCfg = Release|x64
		{1FBD17A2-3791-4666-9C04-C08023521687}.Release|x64.Build.0 = Release|x64
		{1FBD17A2-3791-4666-9C04-C08023521687}.Release|x86.ActiveCfg = Release|Win32
		{1FBD17A2-3791-4666-9C04-C08023521687}.Release|x86.Build.0 = Release|Win32
		{3F77E298-92A5-435C-87B0-9301EFDACD77}.Debug|x64.ActiveCfg = Debug|x64
		{3F77E298-92A5-435C-87B0-9301EFDACD77}.Debug|x64.Build.0 = Debug|x64
		{3F77E298-92A5-435C-87B0-9301EFDACD77}.Debug|x86.ActiveCfg = Debug|Win32
		{3F77E298-92A5-435C-87B0-9301EFDACD77}.Debug|x86.Build.0 = Debug|Win32
		{3F77E298-92A5-435C-87B0-9301EFDACD77}.Release|x64.ActiveCfg = Release|x64
		{3F77E298-92A5-435C-87B0-9301EFDACD77}.Release|x64.Build.0 = Release|x64
		{3F77E298-92A5-435C-87B0-9301EFDACD77}.Release|x86.ActiveCfg = Release|Win32
		{3F77E298-92A5-435C-87B0-9301EFDACD77}.Release|x86.Build.0 = Release|Win32
		{9CA6A130-A8E2-4B4E-907D-0DAFC0479C28}.Debug|x64.ActiveCfg = Debug|x64
		{9CA6A130-A8E2-4B4E-907D-0DAFC0479C28}.Debug|x64.Build.0 = Debug|x64
		{9CA6A130-A8E2-4B4E-907D-0DAFC0479C28}.Debug|x86.ActiveCfg = Debug|Win32
		{9CA6A130-A8E2-4B4E-907D-0DAFC0479C28}.Debug|x86.Build.0 = Debug|Win32
		{9CA6A130-A8E2-4B4E-907D-0DAFC0479C28}.Release|x64.ActiveCfg = Release|x64
		{9CA6A130-A8E2-4B4E-907D-0DAFC0479C28}.Release|x64.Build.0 = Release|x64
		{9CA6A130-A8E2-4B4E-907D-0DAFC0479C28}.Release|x86.ActiveCfg = Release|Win32
		{9CA6A130-A8E2-4B4E-907D-0DAFC0479C28}.Release|x86.Build.0 = Release|Win32
		{C2F04F6E-29B6-4054-B1C8-1630C08A14C3}.Debug|x64.ActiveCfg = Debug|x64
		{C2F04F6E-29B6-4054-B1C8-1630C08A14C3}.Debug|x64.Build.0 = Debug|x64
		{C2F04F6E-29B6-4054-B1C8-1630C08A14C3}.Debug|x86.ActiveCfg = Debug|Win32
		{C2F04F6E-29B6-4054-B1C8-1630C08A14C3}.Debug|x86.Build.0 = Debug|Win32
		{C2F04F6E-29B6-4054-B1C8-1630C08A14C3}.Release|x64.ActiveCfg = Release|x64
		{C2F04F6E-29B6-4054-B1C8-1630C08A14C3}.Release|x64.Build.0 = Release|x64
		{C2F04F6E-29B6-4054-B1C8-1630C08A14C3}.Release|x86.ActiveCfg = Release|Win32
		{C2F04F6E-29B6-4054-B1C8-1630C08A14C3}.Release|x86.Build.0 = Release|Win32
		{92187013-418C-49B1-B317-0CAAE03E6FF2}.Debug|x64.ActiveCfg = Debug|x64
		{92187013-418C-49B1-B317-0CAAE03E6FF2}.Debug|x64.Build.0 = Debug|x64
		{92187013-418C-49B1-B317-0CAAE03E6FF2}.Debug|x86.ActiveCfg = Debug|Win32
		{92187013-418C-49B1-B317-0CAAE03E6FF2}.Debug|x86.Build.0 = Debug|Win32
		{92187013-418C-49B1-B317-0CAAE03E6FF2}.Release|x64.ActiveCfg = Release|x64
		{92187013-418C-49B1-B317-0CAAE03E6FF2}.Release|x64.Build.0 = Release|x64
		{92187013-418C-49B1-B317-0CAAE03E6FF2}.Release|x86.ActiveCfg = Release|Win32
		{92187013-418C-49B1-B317-0CAAE03E6FF2}.Release|x86.Build.0 = Release|Win32
		{C4F503A8-42C4-45F6-A315-2C6605484ADF}.Debug|x64.ActiveCfg = Debug|x64
		{C4F503A8-42C4-45F6-A315-2C6605484ADF}.Debug|x64.Build.0 = Debug|x64
		{C4F503A8-42C4-45F6-A315-2C6605484ADF}.Debug|x86.ActiveCfg = Debug|Win32
		{C4F503A8-42C4-45F6-A315-2C6605484ADF}.Debug|x86.Build.0 = Debug|Win32
		{C4F503A8-42C4-45F6-A315-2C6605484ADF}.Release|x64.ActiveCfg = Release|x64
		{C4F503A8-42C4-45F6-A315-2C6605484ADF}.Release|x64.Build.0 = Release|x64
		{C4F503A8-42C4-45F6-A315-2C6605484ADF}.Release|x86.ActiveCfg = Release|Win32
		{C4F503A8-42C4-45F6-A315-2C6605484ADF}.Release|x86.Build.0 = Release|Win32
		{BDC2F441-FA18-402B-88DB-3442C28B499C}.Debug|x64.ActiveCfg = Debug|x64
		{BDC2F441-FA18-402B-88DB-3442C28B499C}.Debug|x64.Build.0 = Debug|x64
		{BDC2F441-FA18-402B-88DB-3442C28B499C}.Debug|x86.ActiveCfg = Debug|Win32
		{BDC2F441-FA18-402B-88DB-3442C28B499C}.Debug|x86.Build.0 = Debug|Win32
		{BDC2F441-FA18-402B-88DB-3442C28B499C}.Release|x64.ActiveCfg = Release|x64
		{BDC2F441-FA18-402B-88DB-3442C28B499C}.Release|x64.Build.0 = Release|x64
		{BDC2F441-FA18-402B-88DB-3442C28B499C}.Release|x86.ActiveCfg = Release|Win32
		{BDC2F441-FA18-402B-88DB-3442C28B499C}.Release|x86.Build.0 = Release|Win32
		{38FAF25B-B234-442E-8DED-A2FDC09AFF66}.Debug|x64.ActiveCfg = Debug|x64
		{38FAF25B-B234-442E-8DED-A2FDC09AFF66}.Debug|x64.Build.0 = Debug|x64
		{38FAF25B-B234-442E-8DED-A2FDC09AFF66}.Debug|x86.ActiveCfg = Debug|Win32
		{38FAF25B-B234-442E-8DED-A2FDC09AFF66}.Debug|x86.Build.0 = Debug|Win32
		{38FAF25B-B234-442E-8DED-A2FDC09AFF66}.Release|x64.ActiveCfg = Release|x64
		{38FAF25B-B234-442E-8DED-A2FDC09AFF66}.Release|x64.Build.0 = Release|x64
		{38FAF25B-B234-442E-8DED-A2FDC09AFF66}.Release|x86.ActiveCfg = Release|Win32
		{38FAF25B-B234-442E-8DED-A2FDC09AFF66}.Release|x86.Build.0 = Release|Win32
		{A1373A00-753E-4999-97E4-9AFB1E776812}.Debug|x64.ActiveCfg = Debug|x64
		{A1373A00-753E-4999-97E4-9AFB1E776812}.Debug|x64.Build.0 = Debug|x64
		{A1373A00-753E-4999-97E4-9AFB1E776812}.Debug|x86.ActiveCfg = Debug|Win32
		{A1373A00-753E-4999-97E4-9AFB1E776812}.Debug|x86.Build.0 = Debug|Win32
		{A1373A00-753E-4999-97E4-9AFB1E776812}.Release|x64.ActiveCfg = Release|x64
		{A1373A00-753E-4999-97E4-9AFB1E776812}.Release|x64.Build.0 = Release|x64
		{A1373A00-753E-4999-97E4-9AFB1E776812}.Release|x86.ActiveCfg = Release|Win32
		{A1373A00-753E-4999-97E4-9AFB1E776812}.Release|x86.Build.0 = Release|Win32
		{27C5B295-72F0-40C6-8EE2-AE58F34BB5C0}.Debug|x64.ActiveCfg = Debug|x64
		{27C5B295-72F0-40C6-8EE2-AE58F34BB5C0}.Debug|x64.Build.0 = Debug|x64
		{27C5B295-72F0-40C6-8EE2-AE58F34BB5C0}.Debug|x86.ActiveCfg = Debug|Win32
		{27C5B295-72F0-40C6-8EE2-AE58F34BB5C0}.Debug|x86.Build.0 = Debug|Win32
		{27C5B295-72F0-40C6-8EE2-AE58F34BB5C0}.Release|x64.ActiveCfg = Release|x64
		{27C5B295-72F0-40C6-8EE2-AE58F34BB5C0}.Release|x64.Build.0 = Release|x64
		{27C5B295-72F0-40C6-8EE2-AE58F34BB5C0}.Release|x86.ActiveCfg = Release|Win32
		{27C5B295-72F0-40C6-8EE2-AE58F34BB5C0}.Release|x86.Build.0 = Release|Win32
		{FB5CFB3B-BF04-4FB4-96EF-34AF8174D720}.Debug|x64.ActiveCfg = Debug|x64
		{FB5CFB3B-BF04-4FB4-96EF-34AF8174D720}.Debug|x64.Build.0 = Debug|x64
		{FB5CFB3B-BF04-4FB4-96EF-34AF8174D720}.Debug|x86.ActiveCfg = Debug|Win32
		{FB5CFB3B-BF04-4FB4-96EF-34AF8174D720}.Debug|x86.Build.0 = Debug|Win32
		{FB5CFB3B-BF04-4FB4-96EF-34AF8174D720}.Release|x64.ActiveCfg = Release|x64
		{FB5CFB3B-BF04-4FB4-96EF-34AF8174D720}.Release|x64.Build.0 = Release|x64
		{FB5CFB3B-BF04-4FB4-96EF-34AF8174D720}.Release|x86.ActiveCfg = Release|Win32
		{FB5CFB3B-BF04-4FB4-96EF-34AF8174D720}.Release|x86.Build.0 = Release|Win32
		{25980664-5DFF-43E8-9C9C-9AA6CF7CA57A}.Debug|x64.ActiveCfg = Debug|x64
		{25980664-5DFF-43E8-9C9C-9AA6CF7CA57A}.Debug|x64.Build.0 = Debug|x64
		{25980664-5DFF-43E8-9C9C-9AA6CF7CA57A}.Debug|x86.ActiveCfg = Debug|Win32
		{25980664-5DFF-43E8-9C9C-9AA6CF7CA57A}.Debug|x86.Build.0 = Debug|Win32
		{25980664-5DFF-43E8-9C9C-9AA6CF7CA57A}.Release|x64.ActiveCfg = Release|x64
		{25980664-5DFF-43E8-9C9C-9AA6CF7CA57A}.Release|x64.Build.0 = Release|x64
		{25980664-5DFF-43E8-9C9C-9AA6CF7CA57A}.Release|x86.ActiveCfg = Release|Win32
		{25980664-5DFF-43E8-9C9C-9AA6CF7CA57A}.Release|x86.Build.0 = Release|Win32
		{5A1625D4-D44C-47E4-8B8C-2E8F136C2B8D}.Debug|x64.ActiveCfg = Debug|x64
		{5A1625D4-D44C-47E4-8B8C-2E8F136C2B8D}.Debug|x64.Build.0 = Debug|x64
		{5A1625D4-D44C-47E4-8B8C-2E8F136C2B8D}.Debug|x86.ActiveCfg = Debug|Win32
		{5A1625D4-D44C-47E4-8B8C-2E8F136C2B8D}.Debug|x86.Build.0 = Debug|Win32
		{5A1625D4-D44C-47E4-8B8C-2E8F136C2B8D}.Release|x64.ActiveCfg = Release|x64
		{5A1625D4-D44C-47E4-8B8C-2E8F136C2B8D}.Release|x64.Build.0 = Release|x64
		{5A1625D4-D44C-47E4-8B8C-2E8F136C2B8D}.Release|x86.ActiveCfg = Release|Win32
		{5A1625D4-D44C-47E4-8B8C-2E8F136C2B8D}.Release|x86.Build.0 = Release|Win32
		{07CD3466-B474-4F02-8332-5B62E22F5563}.Debug|x64.ActiveCfg = Debug|x64
		{07CD3466-B474-4F02-8332-5B62E22F5563}.Debug|x64.Build.0 = Debug|x64
		{07CD3466-B474-4F02-8332-5B62E22F5563}.Debug|x86.ActiveCfg = Debug|Win32
		{07CD3466-B474-4F02-8332-5B62E22F5563}.Debug|x86.Build.0 = Debug|Win32
		{07CD3466-B474-4F02-8332-5B62E22F5563}.Release|x64.ActiveCfg = Release|x64
		{07CD3466-B474-4F02-8332-5B62E22F5563}.Release|x64.Build.0 = Release|x64
		{07CD3466-B474-4F02-8332-5B62E22F5563}.Release|x86.ActiveCfg = Release|Win32
		{07CD3466-B474-4F02-8332-5B62E22F5563}.Release|x86.Build.0 = Release|Win32
		{682C4C1D-6312-4A5F-9C1B-DC73DC5DA539}.Debug|x64.ActiveCfg = Debug|x64
		{682C4C1D-6312-4A5F-9C1B-DC73DC5DA539}.Debug|x64.Build.0 = Debug|x64
		{682C4C1D-6312-4A5F-9C1B-DC73DC5DA539}.Debug|x86.ActiveCfg = Debug|Win32
		{682C4C1D-6312-4A5F-9C1B-DC73DC5DA539}.Debug|x86.Build.0 = Debug|Win32
		{682C4C1D-6312-4A5F-9C1B-DC73DC5DA539}.Release|x64.ActiveCfg = Release|x64
		{682C4C1D-6312-4A5F-9C1B-DC73DC5DA539}.Release|x64.Build.0 = Release|x64
		{682C4C1D-6312-4A5F-9C1B-DC73DC5DA539}.Release|x86.ActiveCfg = Release|Win32
		{682C4C1D-6312-4A5F-9C1B-DC73DC5DA539}.Release|x86.Build.0 = Release|Win32
		{A5A111E4-FF98-4E17-B3C7-9C2710814D73}.Debug|x64.ActiveCfg = Debug|x64
		{A5A111E4-FF98-4E17-B3C7-9C2710814D73}.Debug|x64.Build.0 = Debug|x64
		{A5A111E4-FF98-4E17-B3C7-9C2710814D73}.Debug|x86.ActiveCfg = Debug|Win32
		{A5A111E4-FF98-4E17-B3C7-9C2710814D73}.Debug|x86.Build.0 = Debug|Win32
		{A5A111E4-FF98-4E17-B3C7-9C2710814D73}.Release|x64.ActiveCfg = Release|x64
		{A5A111E4-FF98-4E17-B3C7-9C2710814D73}.Release|x64.Build.0 = Release|x64
		{A5A111E4-FF98-4E17-B3C7-9C2710814D73}.Release|x86.ActiveCfg = Release|Win32
		{A5A111E4-FF98-4E17-B3C7-9C2710814D73}.Release|x86.Build.0 = Release|Win32
		{5C0C7182-BEB7-4C8D-8EB1-D74E876DB172}.Debug|x64.ActiveCfg = Debug|x64
		{5C0C7182-BEB7-4C8D-8EB1-D74E876DB172}.Debug|x64.Build.0 = Debug|x64
		{5C0C7182-BEB7-4C8D-8EB1-D74E876DB172}.Debug|x86.ActiveCfg = Debug|Win32
		{5C0C7182-BEB7-4C8D-8EB1-D74E876DB172}.Debug|x86.Build.0 = Debug|Win32
		{5C0C7182-BEB7-4C8D-8EB1-D74E876DB172}.Release|x64.ActiveCfg = Release|x64
		{5C0C7182-BEB7-4C8D-8EB1-D74E876DB172}.Release|x64.Build.0 = Release|x64
		{5C0C7182-BEB7-4C8D-8EB1-D74E876DB172}.Release|x86.ActiveCfg = Release|Win32
		{5C0C7182-BEB7-4C8D-8EB1-D74E876DB172}.Release|x86.Build.0 = Release|Win32
		{57E02A45-DCBC-49BE-B10C-ACEFAADCFB3C}.Debug|x64.ActiveCfg = Debug|x64
		{57E02A45-DCBC-49BE-B10C-ACEFAADCFB3C}.Debug|x64.Build.0 = Debug|x64
		{57E02A45-DCBC-49BE-B10C-ACEFAADCFB3C}.Debug|x86.ActiveCfg = Debug|Win32
		{57E02A45-DCBC-49BE-B10C-ACEFAADCFB3C}.Debug|x86.Build.0 = Debug|Win32
		{57E02A45-DCBC-49BE-B10C-ACEFAADCFB3C}.Release|x64.ActiveCfg = Release|x64
		{57E02A45-DCBC-49BE-B10C-ACEFAADCFB3C}.Release|x64.Build.0 = Release|x64
		{57E02A45-DCBC-49BE-B10C-ACEFAADCFB3C}.Release|x86.ActiveCfg = Release|Win32
		{57E02A45-DCBC-49BE-B10C-ACEFAADCFB3C}.Release|x86.Build.0 = Release|Win32
		{94598FD9-D4AA-42A4-A8DF-D8611FF1D99D}.Debug|x64.ActiveCfg = Debug|x64
		{94598FD9-D4AA-42A4-A8DF-D8611FF1D99D}.Debug|x64.Build.0 = Debug|x64
		{94598FD9-D4AA-42A4-A8DF-D8611FF1D99D}.Debug|x86.ActiveCfg = Debug|Win32
		{94598FD9-D4AA-42A4-A8DF-D8611FF1D99D}.Debug|x86.Build.0 = Debug|Win32
		{94598FD9-D4AA-42A4-A8DF-D8611FF1D99D}.Release|x64.ActiveCfg = Release|x64
		{94598FD9-D4AA-42A4-A8DF-D8611FF1D99D}.Release|x64.Build.0 = Release|x64
		{94598FD9-D4AA-42A4-A8DF-D8611FF1D99D}.Release|x86.ActiveCfg = Release|Win32
		{94598FD9-D4AA-42A4-A8DF-D8611FF1D99D}.Release|x86.Build.0 = Release|Win32
		{DC3BD267-4C6A-4A63-8E91-6C0D11A87E89}.Debug|x64.ActiveCfg = Debug|x64
		{DC3BD267-4C6A-4A63-8E91-6C0D11A87E89}.Debug|x64.Build.0 = Debug|x64
		{DC3BD267-4C6A-4A63-8E91-6C0D11A87E89}.Debug|x86.ActiveCfg = Debug|Win32
		{DC3BD267-4C6A-4A63-8E91-6C0D11A87E89}.Debug|x86.Build.0 = Debug|Win32
		{DC3BD267-4C6A-4A63-8E91-6C0D11A87E89}.Release|x64.ActiveCfg = Release|x64
		{DC3BD267-4C6A-4A63-8E91-6C0D11A87E89}.Release|x64.Build.0 = Release|x64
		{DC3BD267-4C6A-4A63-8E91-6C0D11A87E89}.Release|x86.ActiveCfg = Release|Win32
		{DC3BD267-4C6A-4A63-8E91-6C0D11A87E89}.Release|x86.Build.0 = Release|Win32
		{4EC7865A-5F1B-4AA2-B691-58956E7E13A6}.Debug|x64.ActiveCfg = Debug|x64
		{4EC7865A-5F1B-4AA2-B691-58956E7E13A6}.Debug|x64.Build.0 = Debug|x64
		{4EC7865A-5F1B-4AA2-B691-58956E7E13A6}.Debug|x86.ActiveCfg = Debug|Win32
		{4EC7865A-5F1B-4AA2-B691-58956E7E13A6}.Debug|x86.Build.0 = Debug|Win32
		{4EC7865A-5F1B-4AA2-B691-58956E7E13A6}.Release|x64.ActiveCfg = Release|x64
		{4EC7865A-5F1B-4AA2-B691-58956E7E13A6}.Release|x64.Build.0 = Release|x64
		{4EC7865A-5F1B-4AA2-B691-58956E7E13A6}.Release|x86.ActiveCfg = Release|Win32
		{4EC7865A-5F1B-4AA2-B691-58956E7E13A6}.Release|x86.Build.0 = Release|Win32
		{D73ABB33-043B-4ADC-BFEF-2997011BB3E0}.Debug|x64.ActiveCfg = Debug|x64
		{D73ABB33-043B-4ADC-BFEF-2997011BB3E0}.Debug|x64.Build.0 = Debug|x64
		{D73ABB33-043B-4ADC-BFEF-2997011BB3E0}.Debug|x86.ActiveCfg = Debug|Win32
		{D73ABB33-043B-4ADC-BFEF-2997011BB3E0}.Debug|x86.Build.0 = Debug|Win32
		{D73ABB33-043B-4ADC-BFEF-2997011BB3E0}.Release|x64.ActiveCfg = Release|x64
		{D73ABB33-043B-4ADC-BFEF-2997011BB3E0}.Release|x64.Build.0 = Release|x64
		{D73ABB33-043B-4ADC-BFEF-2997011BB3E0}.Release|x86.ActiveCfg = Release|Win32
		{D73ABB33-043B-4ADC-BFEF-2997011BB3E0}.Release|x86.Build.0 = Release|Win32
		{8DD4C0AF-579A-44BE-A036-1E62527D80FA}.Debug|x64.ActiveCfg = Debug|x64
		{8DD4C0AF-579A-44BE-A036-1E62527D80FA}.Debug|x64.Build.0 = Debug|x64
		{8DD4C0AF-579A-44BE-A036-1E62527D80FA}.Debug|x86.ActiveCfg = Debug|Win32
		{8DD4C0AF-579A-44BE-A036-1E62527D80FA}.Debug|x86.Build.0 = Debug|Win32
		{8DD4C0AF-579A-44BE-A036-1E62527D80FA}.Release|x64.ActiveCfg = Release|x64
		{8DD4C0AF-579A-44BE-A036-1E62527D80FA}.Release|x64.Build.0 = Release|x64
		{8DD4C0AF-579A-44BE-A036-1E62527D80FA}.Release|x86.ActiveCfg = Release|Win32
		{8DD4C0AF-579A-44BE-A036-1E62527D80FA}.Release|x86.Build.0 = Release|Win32
		{9FCD7710-1D4F-43D7-8A3B-BFD2CF3169BB}.Debug|x64.ActiveCfg = Debug|x64
		{9FCD7710-1D4F-43D7-8A3B-BFD2CF3169BB}.Debug|x64.Build.0 = Debug|x64
		{9FCD7710-1D4F-43D7-8A3B-BFD2CF3169BB}.Debug|x86.ActiveCfg = Debug|Win32
		{9FCD7710-1D4F-43D7-8A3B-BFD2CF3169BB}.Debug|x86.Build.0 = Debug|Win32
		{9FCD7710-1D4F-43D7-8A3B-BFD2CF3169BB}.Release|x64.ActiveCfg = Release|x64
		{9FCD7710-1D4F-43D7-8A3B-BFD2CF3169BB}.Release|x64.Build.0 = Release|x64
		{9FCD7710-1D4F-43D7-8A3B-BFD2CF3169BB}.Release|x86.ActiveCfg = Release|Win32
		{9FCD7710-1D4F-43D7-8A3B-BFD2CF3169BB}.Release|x86.Build.0 = Release|Win32
		{7BB35A3A-6B84-4814-B050-411620728273}.Debug|x64.ActiveCfg = Debug|x64
		{7BB35A3A-6B84-4814-B050-411620728273}.Debug|x64.Build.0 = Debug|x64
		{7BB35A3A-6B84-4814-B050-411620728273}.Debug|x86.ActiveCfg = Debug|Win32
		{7BB35A3A-6B84-4814-B050-411620728273}.Debug|x86.Build.0 = Debug|Win32
		{7BB35A3A-6B84-4814-B050-411620728273}.Release|x64.ActiveCfg = Release|x64
		{7BB35A3A-6B84-4814-B050-411620728273}.Release|x64.Build.0 = Release|x64
		{7BB35A3A-6B84-4814-B050-411620728273}.Release|x86.ActiveCfg = Release|Win32
		{7BB35A3A-6B84-4814-B050-411620728273}.Release|x86.Build.0 = Release|Win32
		{6CAFB766-B91D-4561-A4C3-E00BBC0CFA91}.Debug|x64.ActiveCfg = Debug|x64
		{6CAFB766-B91D-4561-A4C3-E00BBC0CFA91}.Debug|x64.Build.0 = Debug|x64
		{6CAFB766-B91D-4561-A4C3-E00BBC0CFA91}.Debug|x86.ActiveCfg = Debug|Win32
		{6CAFB766-B91D-4561-A4C3-E00BBC0CFA91}.Debug|x86.Build.0 = Debug|Win32
		{6CAFB766-B91D-4561-A4C3-E00BBC0CFA91}.Release|x64.ActiveCfg = Release|x64
		{6CAFB766-B91D-4561-A4C3-E00BBC0CFA91}.Release|x64.Build.0 = Release|x64
		{6CAFB766-B91D-4561-A4C3-E00BBC0CFA91}.Release|x86.ActiveCfg = Release|Win32
		{6CAFB766-B91D-4561-A4C3-E00BBC0CFA91}.Release|x86.Build.0 = Release|Win32
	EndGlobalSection
	GlobalSection(SolutionProperties) = preSolution
		HideSolutionNode = FALSE
	EndGlobalSection
	GlobalSection(ExtensibilityGlobals) = postSolution
		SolutionGuid = {1A02E669-668F-483A-ABA0-354F45B8270D}
	EndGlobalSection
EndGlobal
